// !$*UTF8*$!
{
	archiveVersion = 1;
	classes = {
	};
	objectVersion = 48;
	objects = {

/* Begin PBXBuildFile section */
		113A3112072B0916971E6F98 /* Pods_FitKit.framework in Frameworks */ = {isa = PBXBuildFile; fileRef = 1C39A2E9EE40EBEED64490CD /* Pods_FitKit.framework */; };
		8E0EED1E205266DA00BA636B /* WorkoutTableViewCell.swift in Sources */ = {isa = PBXBuildFile; fileRef = 8E0EED1D205266DA00BA636B /* WorkoutTableViewCell.swift */; };
		8E61EF8F203F50BF008209DF /* AppDelegate.swift in Sources */ = {isa = PBXBuildFile; fileRef = 8E61EF8E203F50BF008209DF /* AppDelegate.swift */; };
		8E61EF91203F50BF008209DF /* LoginViewController.swift in Sources */ = {isa = PBXBuildFile; fileRef = 8E61EF90203F50BF008209DF /* LoginViewController.swift */; };
		8E61EF94203F50BF008209DF /* Main.storyboard in Resources */ = {isa = PBXBuildFile; fileRef = 8E61EF92203F50BF008209DF /* Main.storyboard */; };
		8E61EF96203F50BF008209DF /* Assets.xcassets in Resources */ = {isa = PBXBuildFile; fileRef = 8E61EF95203F50BF008209DF /* Assets.xcassets */; };
		8E61EF99203F50BF008209DF /* LaunchScreen.storyboard in Resources */ = {isa = PBXBuildFile; fileRef = 8E61EF97203F50BF008209DF /* LaunchScreen.storyboard */; };
		8E685CF32044D6EC00679FC0 /* AllWorkoutViewController.swift in Sources */ = {isa = PBXBuildFile; fileRef = 8E685CF22044D6EC00679FC0 /* AllWorkoutViewController.swift */; };
		8E685CF52044D6FC00679FC0 /* CalculatorViewController.swift in Sources */ = {isa = PBXBuildFile; fileRef = 8E685CF42044D6FC00679FC0 /* CalculatorViewController.swift */; };
		8EA966622059D6B500919079 /* Workout.swift in Sources */ = {isa = PBXBuildFile; fileRef = 8EA966612059D6B500919079 /* Workout.swift */; };
		8EA966642059D8AA00919079 /* WorkoutTableViewController.swift in Sources */ = {isa = PBXBuildFile; fileRef = 8EA966632059D8AA00919079 /* WorkoutTableViewController.swift */; };
		8ECD15F12043E793006BF9F2 /* GoogleService-Info.plist in Resources */ = {isa = PBXBuildFile; fileRef = 8ECD15F02043E793006BF9F2 /* GoogleService-Info.plist */; };
		8EE289DD205AFE60009CC18B /* ExerciseCell.swift in Sources */ = {isa = PBXBuildFile; fileRef = 8EE289DC205AFE60009CC18B /* ExerciseCell.swift */; };
/* End PBXBuildFile section */

/* Begin PBXFileReference section */
		1C39A2E9EE40EBEED64490CD /* Pods_FitKit.framework */ = {isa = PBXFileReference; explicitFileType = wrapper.framework; includeInIndex = 0; path = Pods_FitKit.framework; sourceTree = BUILT_PRODUCTS_DIR; };
		3DD34E6CDDBC54BC6F66489B /* Pods-FitKit.debug.xcconfig */ = {isa = PBXFileReference; includeInIndex = 1; lastKnownFileType = text.xcconfig; name = "Pods-FitKit.debug.xcconfig"; path = "Pods/Target Support Files/Pods-FitKit/Pods-FitKit.debug.xcconfig"; sourceTree = "<group>"; };
		8E0EED1D205266DA00BA636B /* WorkoutTableViewCell.swift */ = {isa = PBXFileReference; lastKnownFileType = sourcecode.swift; path = WorkoutTableViewCell.swift; sourceTree = "<group>"; };
		8E61EF8B203F50BF008209DF /* FitKit.app */ = {isa = PBXFileReference; explicitFileType = wrapper.application; includeInIndex = 0; path = FitKit.app; sourceTree = BUILT_PRODUCTS_DIR; };
		8E61EF8E203F50BF008209DF /* AppDelegate.swift */ = {isa = PBXFileReference; lastKnownFileType = sourcecode.swift; path = AppDelegate.swift; sourceTree = "<group>"; };
		8E61EF90203F50BF008209DF /* LoginViewController.swift */ = {isa = PBXFileReference; lastKnownFileType = sourcecode.swift; path = LoginViewController.swift; sourceTree = "<group>"; };
		8E61EF93203F50BF008209DF /* Base */ = {isa = PBXFileReference; lastKnownFileType = file.storyboard; name = Base; path = Base.lproj/Main.storyboard; sourceTree = "<group>"; };
		8E61EF95203F50BF008209DF /* Assets.xcassets */ = {isa = PBXFileReference; lastKnownFileType = folder.assetcatalog; path = Assets.xcassets; sourceTree = "<group>"; };
		8E61EF98203F50BF008209DF /* Base */ = {isa = PBXFileReference; lastKnownFileType = file.storyboard; name = Base; path = Base.lproj/LaunchScreen.storyboard; sourceTree = "<group>"; };
		8E61EF9A203F50BF008209DF /* Info.plist */ = {isa = PBXFileReference; lastKnownFileType = text.plist.xml; path = Info.plist; sourceTree = "<group>"; };
		8E685CF22044D6EC00679FC0 /* AllWorkoutViewController.swift */ = {isa = PBXFileReference; lastKnownFileType = sourcecode.swift; path = AllWorkoutViewController.swift; sourceTree = "<group>"; };
		8E685CF42044D6FC00679FC0 /* CalculatorViewController.swift */ = {isa = PBXFileReference; lastKnownFileType = sourcecode.swift; path = CalculatorViewController.swift; sourceTree = "<group>"; };
		8EA966612059D6B500919079 /* Workout.swift */ = {isa = PBXFileReference; lastKnownFileType = sourcecode.swift; path = Workout.swift; sourceTree = "<group>"; };
		8EA966632059D8AA00919079 /* WorkoutTableViewController.swift */ = {isa = PBXFileReference; lastKnownFileType = sourcecode.swift; path = WorkoutTableViewController.swift; sourceTree = "<group>"; };
		8ECD15F02043E793006BF9F2 /* GoogleService-Info.plist */ = {isa = PBXFileReference; fileEncoding = 4; lastKnownFileType = text.plist.xml; path = "GoogleService-Info.plist"; sourceTree = "<group>"; };
		8EE289DC205AFE60009CC18B /* ExerciseCell.swift */ = {isa = PBXFileReference; lastKnownFileType = sourcecode.swift; path = ExerciseCell.swift; sourceTree = "<group>"; };
		D195EB0CD9E8ED4AEEF6A4EC /* Pods-FitKit.release.xcconfig */ = {isa = PBXFileReference; includeInIndex = 1; lastKnownFileType = text.xcconfig; name = "Pods-FitKit.release.xcconfig"; path = "Pods/Target Support Files/Pods-FitKit/Pods-FitKit.release.xcconfig"; sourceTree = "<group>"; };
/* End PBXFileReference section */

/* Begin PBXFrameworksBuildPhase section */
		8E61EF88203F50BF008209DF /* Frameworks */ = {
			isa = PBXFrameworksBuildPhase;
			buildActionMask = 2147483647;
			files = (
				113A3112072B0916971E6F98 /* Pods_FitKit.framework in Frameworks */,
			);
			runOnlyForDeploymentPostprocessing = 0;
		};
/* End PBXFrameworksBuildPhase section */

/* Begin PBXGroup section */
		8CE92F21BC3D5699488B6DCE /* Frameworks */ = {
			isa = PBXGroup;
			children = (
				1C39A2E9EE40EBEED64490CD /* Pods_FitKit.framework */,
			);
			name = Frameworks;
			sourceTree = "<group>";
		};
		8E61EF82203F50BF008209DF = {
			isa = PBXGroup;
			children = (
				8E61EF8D203F50BF008209DF /* FitKit */,
				8E61EF8C203F50BF008209DF /* Products */,
				D098F5EDD17935D1CE4199DF /* Pods */,
				8CE92F21BC3D5699488B6DCE /* Frameworks */,
			);
			sourceTree = "<group>";
		};
		8E61EF8C203F50BF008209DF /* Products */ = {
			isa = PBXGroup;
			children = (
				8E61EF8B203F50BF008209DF /* FitKit.app */,
			);
			name = Products;
			sourceTree = "<group>";
		};
		8E61EF8D203F50BF008209DF /* FitKit */ = {
			isa = PBXGroup;
			children = (
				8EB8802320412E980002C295 /* Model */,
				8EB8C823203F520F000086A6 /* Controller */,
				8EB8C822203F520C000086A6 /* View */,
				8E61EF95203F50BF008209DF /* Assets.xcassets */,
				8E61EF9A203F50BF008209DF /* Info.plist */,
				8ECD15F02043E793006BF9F2 /* GoogleService-Info.plist */,
			);
			path = FitKit;
			sourceTree = "<group>";
		};
		8EB8802320412E980002C295 /* Model */ = {
			isa = PBXGroup;
			children = (
				8EA966612059D6B500919079 /* Workout.swift */,
			);
			path = Model;
			sourceTree = "<group>";
		};
		8EB8C822203F520C000086A6 /* View */ = {
			isa = PBXGroup;
			children = (
				8E61EF92203F50BF008209DF /* Main.storyboard */,
				8E61EF97203F50BF008209DF /* LaunchScreen.storyboard */,
			);
			path = View;
			sourceTree = "<group>";
		};
		8EB8C823203F520F000086A6 /* Controller */ = {
			isa = PBXGroup;
			children = (
				8E61EF8E203F50BF008209DF /* AppDelegate.swift */,
				8E61EF90203F50BF008209DF /* LoginViewController.swift */,
				8E685CF22044D6EC00679FC0 /* AllWorkoutViewController.swift */,
				8E685CF42044D6FC00679FC0 /* CalculatorViewController.swift */,
				8E0EED1D205266DA00BA636B /* WorkoutTableViewCell.swift */,
				8EA966632059D8AA00919079 /* WorkoutTableViewController.swift */,
				8EE289DC205AFE60009CC18B /* ExerciseCell.swift */,
			);
			path = Controller;
			sourceTree = "<group>";
		};
		D098F5EDD17935D1CE4199DF /* Pods */ = {
			isa = PBXGroup;
			children = (
				3DD34E6CDDBC54BC6F66489B /* Pods-FitKit.debug.xcconfig */,
				D195EB0CD9E8ED4AEEF6A4EC /* Pods-FitKit.release.xcconfig */,
			);
			name = Pods;
			sourceTree = "<group>";
		};
/* End PBXGroup section */

/* Begin PBXNativeTarget section */
		8E61EF8A203F50BF008209DF /* FitKit */ = {
			isa = PBXNativeTarget;
			buildConfigurationList = 8E61EF9D203F50BF008209DF /* Build configuration list for PBXNativeTarget "FitKit" */;
			buildPhases = (
				E1E0E70A45B81A600ABDD5C4 /* [CP] Check Pods Manifest.lock */,
				8E61EF87203F50BF008209DF /* Sources */,
				8E61EF88203F50BF008209DF /* Frameworks */,
				8E61EF89203F50BF008209DF /* Resources */,
				7C52DB9A943196B809A113F1 /* [CP] Embed Pods Frameworks */,
				9B3887EA679FC1E3F33A28AD /* [CP] Copy Pods Resources */,
			);
			buildRules = (
			);
			dependencies = (
			);
			name = FitKit;
			productName = FitKit;
			productReference = 8E61EF8B203F50BF008209DF /* FitKit.app */;
			productType = "com.apple.product-type.application";
		};
/* End PBXNativeTarget section */

/* Begin PBXProject section */
		8E61EF83203F50BF008209DF /* Project object */ = {
			isa = PBXProject;
			attributes = {
				LastSwiftUpdateCheck = 0920;
				LastUpgradeCheck = 0920;
				ORGANIZATIONNAME = "Korman Chen";
				TargetAttributes = {
					8E61EF8A203F50BF008209DF = {
						CreatedOnToolsVersion = 9.2;
						ProvisioningStyle = Automatic;
					};
				};
			};
			buildConfigurationList = 8E61EF86203F50BF008209DF /* Build configuration list for PBXProject "FitKit" */;
			compatibilityVersion = "Xcode 8.0";
			developmentRegion = en;
			hasScannedForEncodings = 0;
			knownRegions = (
				en,
				Base,
			);
			mainGroup = 8E61EF82203F50BF008209DF;
			productRefGroup = 8E61EF8C203F50BF008209DF /* Products */;
			projectDirPath = "";
			projectRoot = "";
			targets = (
				8E61EF8A203F50BF008209DF /* FitKit */,
			);
		};
/* End PBXProject section */

/* Begin PBXResourcesBuildPhase section */
		8E61EF89203F50BF008209DF /* Resources */ = {
			isa = PBXResourcesBuildPhase;
			buildActionMask = 2147483647;
			files = (
				8E61EF99203F50BF008209DF /* LaunchScreen.storyboard in Resources */,
				8ECD15F12043E793006BF9F2 /* GoogleService-Info.plist in Resources */,
				8E61EF96203F50BF008209DF /* Assets.xcassets in Resources */,
				8E61EF94203F50BF008209DF /* Main.storyboard in Resources */,
			);
			runOnlyForDeploymentPostprocessing = 0;
		};
/* End PBXResourcesBuildPhase section */

/* Begin PBXShellScriptBuildPhase section */
		7C52DB9A943196B809A113F1 /* [CP] Embed Pods Frameworks */ = {
			isa = PBXShellScriptBuildPhase;
			buildActionMask = 2147483647;
			files = (
			);
			inputPaths = (
				"${SRCROOT}/Pods/Target Support Files/Pods-FitKit/Pods-FitKit-frameworks.sh",
				"${BUILT_PRODUCTS_DIR}/GTMSessionFetcher/GTMSessionFetcher.framework",
				"${BUILT_PRODUCTS_DIR}/GoogleToolboxForMac/GoogleToolboxForMac.framework",
				"${BUILT_PRODUCTS_DIR}/Hero/Hero.framework",
				"${BUILT_PRODUCTS_DIR}/HexColors/HexColors.framework",
				"${BUILT_PRODUCTS_DIR}/leveldb-library/leveldb.framework",
				"${BUILT_PRODUCTS_DIR}/nanopb/nanopb.framework",
			);
			name = "[CP] Embed Pods Frameworks";
			outputPaths = (
				"${TARGET_BUILD_DIR}/${FRAMEWORKS_FOLDER_PATH}/GTMSessionFetcher.framework",
				"${TARGET_BUILD_DIR}/${FRAMEWORKS_FOLDER_PATH}/GoogleToolboxForMac.framework",
				"${TARGET_BUILD_DIR}/${FRAMEWORKS_FOLDER_PATH}/Hero.framework",
				"${TARGET_BUILD_DIR}/${FRAMEWORKS_FOLDER_PATH}/HexColors.framework",
				"${TARGET_BUILD_DIR}/${FRAMEWORKS_FOLDER_PATH}/leveldb.framework",
				"${TARGET_BUILD_DIR}/${FRAMEWORKS_FOLDER_PATH}/nanopb.framework",
			);
			runOnlyForDeploymentPostprocessing = 0;
			shellPath = /bin/sh;
			shellScript = "\"${SRCROOT}/Pods/Target Support Files/Pods-FitKit/Pods-FitKit-frameworks.sh\"\n";
			showEnvVarsInLog = 0;
		};
		9B3887EA679FC1E3F33A28AD /* [CP] Copy Pods Resources */ = {
			isa = PBXShellScriptBuildPhase;
			buildActionMask = 2147483647;
			files = (
			);
			inputPaths = (
			);
			name = "[CP] Copy Pods Resources";
			outputPaths = (
			);
			runOnlyForDeploymentPostprocessing = 0;
			shellPath = /bin/sh;
			shellScript = "\"${SRCROOT}/Pods/Target Support Files/Pods-FitKit/Pods-FitKit-resources.sh\"\n";
			showEnvVarsInLog = 0;
		};
		E1E0E70A45B81A600ABDD5C4 /* [CP] Check Pods Manifest.lock */ = {
			isa = PBXShellScriptBuildPhase;
			buildActionMask = 2147483647;
			files = (
			);
			inputPaths = (
				"${PODS_PODFILE_DIR_PATH}/Podfile.lock",
				"${PODS_ROOT}/Manifest.lock",
			);
			name = "[CP] Check Pods Manifest.lock";
			outputPaths = (
				"$(DERIVED_FILE_DIR)/Pods-FitKit-checkManifestLockResult.txt",
			);
			runOnlyForDeploymentPostprocessing = 0;
			shellPath = /bin/sh;
			shellScript = "diff \"${PODS_PODFILE_DIR_PATH}/Podfile.lock\" \"${PODS_ROOT}/Manifest.lock\" > /dev/null\nif [ $? != 0 ] ; then\n    # print error to STDERR\n    echo \"error: The sandbox is not in sync with the Podfile.lock. Run 'pod install' or update your CocoaPods installation.\" >&2\n    exit 1\nfi\n# This output is used by Xcode 'outputs' to avoid re-running this script phase.\necho \"SUCCESS\" > \"${SCRIPT_OUTPUT_FILE_0}\"\n";
			showEnvVarsInLog = 0;
		};
/* End PBXShellScriptBuildPhase section */

/* Begin PBXSourcesBuildPhase section */
		8E61EF87203F50BF008209DF /* Sources */ = {
			isa = PBXSourcesBuildPhase;
			buildActionMask = 2147483647;
			files = (
				8E0EED1E205266DA00BA636B /* WorkoutTableViewCell.swift in Sources */,
				8E685CF32044D6EC00679FC0 /* AllWorkoutViewController.swift in Sources */,
				8E61EF91203F50BF008209DF /* LoginViewController.swift in Sources */,
				8E685CF52044D6FC00679FC0 /* CalculatorViewController.swift in Sources */,
				8E61EF8F203F50BF008209DF /* AppDelegate.swift in Sources */,
				8EE289DD205AFE60009CC18B /* ExerciseCell.swift in Sources */,
				8EA966622059D6B500919079 /* Workout.swift in Sources */,
				8EA966642059D8AA00919079 /* WorkoutTableViewController.swift in Sources */,
			);
			runOnlyForDeploymentPostprocessing = 0;
		};
/* End PBXSourcesBuildPhase section */

/* Begin PBXVariantGroup section */
		8E61EF92203F50BF008209DF /* Main.storyboard */ = {
			isa = PBXVariantGroup;
			children = (
				8E61EF93203F50BF008209DF /* Base */,
			);
			name = Main.storyboard;
			sourceTree = "<group>";
		};
		8E61EF97203F50BF008209DF /* LaunchScreen.storyboard */ = {
			isa = PBXVariantGroup;
			children = (
				8E61EF98203F50BF008209DF /* Base */,
			);
			name = LaunchScreen.storyboard;
			sourceTree = "<group>";
		};
/* End PBXVariantGroup section */

/* Begin XCBuildConfiguration section */
		8E61EF9B203F50BF008209DF /* Debug */ = {
			isa = XCBuildConfiguration;
			buildSettings = {
				ALWAYS_SEARCH_USER_PATHS = NO;
				CLANG_ANALYZER_NONNULL = YES;
				CLANG_ANALYZER_NUMBER_OBJECT_CONVERSION = YES_AGGRESSIVE;
				CLANG_CXX_LANGUAGE_STANDARD = "gnu++14";
				CLANG_CXX_LIBRARY = "libc++";
				CLANG_ENABLE_MODULES = YES;
				CLANG_ENABLE_OBJC_ARC = YES;
				CLANG_WARN_BLOCK_CAPTURE_AUTORELEASING = YES;
				CLANG_WARN_BOOL_CONVERSION = YES;
				CLANG_WARN_COMMA = YES;
				CLANG_WARN_CONSTANT_CONVERSION = YES;
				CLANG_WARN_DIRECT_OBJC_ISA_USAGE = YES_ERROR;
				CLANG_WARN_DOCUMENTATION_COMMENTS = YES;
				CLANG_WARN_EMPTY_BODY = YES;
				CLANG_WARN_ENUM_CONVERSION = YES;
				CLANG_WARN_INFINITE_RECURSION = YES;
				CLANG_WARN_INT_CONVERSION = YES;
				CLANG_WARN_NON_LITERAL_NULL_CONVERSION = YES;
				CLANG_WARN_OBJC_LITERAL_CONVERSION = YES;
				CLANG_WARN_OBJC_ROOT_CLASS = YES_ERROR;
				CLANG_WARN_RANGE_LOOP_ANALYSIS = YES;
				CLANG_WARN_STRICT_PROTOTYPES = YES;
				CLANG_WARN_SUSPICIOUS_MOVE = YES;
				CLANG_WARN_UNGUARDED_AVAILABILITY = YES_AGGRESSIVE;
				CLANG_WARN_UNREACHABLE_CODE = YES;
				CLANG_WARN__DUPLICATE_METHOD_MATCH = YES;
				CODE_SIGN_IDENTITY = "iPhone Developer";
				COPY_PHASE_STRIP = NO;
				DEBUG_INFORMATION_FORMAT = dwarf;
				ENABLE_STRICT_OBJC_MSGSEND = YES;
				ENABLE_TESTABILITY = YES;
				GCC_C_LANGUAGE_STANDARD = gnu11;
				GCC_DYNAMIC_NO_PIC = NO;
				GCC_NO_COMMON_BLOCKS = YES;
				GCC_OPTIMIZATION_LEVEL = 0;
				GCC_PREPROCESSOR_DEFINITIONS = (
					"DEBUG=1",
					"$(inherited)",
				);
				GCC_WARN_64_TO_32_BIT_CONVERSION = YES;
				GCC_WARN_ABOUT_RETURN_TYPE = YES_ERROR;
				GCC_WARN_UNDECLARED_SELECTOR = YES;
				GCC_WARN_UNINITIALIZED_AUTOS = YES_AGGRESSIVE;
				GCC_WARN_UNUSED_FUNCTION = YES;
				GCC_WARN_UNUSED_VARIABLE = YES;
				IPHONEOS_DEPLOYMENT_TARGET = 11.2;
				MTL_ENABLE_DEBUG_INFO = YES;
				ONLY_ACTIVE_ARCH = YES;
				SDKROOT = iphoneos;
				SWIFT_ACTIVE_COMPILATION_CONDITIONS = DEBUG;
				SWIFT_OPTIMIZATION_LEVEL = "-Onone";
			};
			name = Debug;
		};
		8E61EF9C203F50BF008209DF /* Release */ = {
			isa = XCBuildConfiguration;
			buildSettings = {
				ALWAYS_SEARCH_USER_PATHS = NO;
				CLANG_ANALYZER_NONNULL = YES;
				CLANG_ANALYZER_NUMBER_OBJECT_CONVERSION = YES_AGGRESSIVE;
				CLANG_CXX_LANGUAGE_STANDARD = "gnu++14";
				CLANG_CXX_LIBRARY = "libc++";
				CLANG_ENABLE_MODULES = YES;
				CLANG_ENABLE_OBJC_ARC = YES;
				CLANG_WARN_BLOCK_CAPTURE_AUTORELEASING = YES;
				CLANG_WARN_BOOL_CONVERSION = YES;
				CLANG_WARN_COMMA = YES;
				CLANG_WARN_CONSTANT_CONVERSION = YES;
				CLANG_WARN_DIRECT_OBJC_ISA_USAGE = YES_ERROR;
				CLANG_WARN_DOCUMENTATION_COMMENTS = YES;
				CLANG_WARN_EMPTY_BODY = YES;
				CLANG_WARN_ENUM_CONVERSION = YES;
				CLANG_WARN_INFINITE_RECURSION = YES;
				CLANG_WARN_INT_CONVERSION = YES;
				CLANG_WARN_NON_LITERAL_NULL_CONVERSION = YES;
				CLANG_WARN_OBJC_LITERAL_CONVERSION = YES;
				CLANG_WARN_OBJC_ROOT_CLASS = YES_ERROR;
				CLANG_WARN_RANGE_LOOP_ANALYSIS = YES;
				CLANG_WARN_STRICT_PROTOTYPES = YES;
				CLANG_WARN_SUSPICIOUS_MOVE = YES;
				CLANG_WARN_UNGUARDED_AVAILABILITY = YES_AGGRESSIVE;
				CLANG_WARN_UNREACHABLE_CODE = YES;
				CLANG_WARN__DUPLICATE_METHOD_MATCH = YES;
				CODE_SIGN_IDENTITY = "iPhone Developer";
				COPY_PHASE_STRIP = NO;
				DEBUG_INFORMATION_FORMAT = "dwarf-with-dsym";
				ENABLE_NS_ASSERTIONS = NO;
				ENABLE_STRICT_OBJC_MSGSEND = YES;
				GCC_C_LANGUAGE_STANDARD = gnu11;
				GCC_NO_COMMON_BLOCKS = YES;
				GCC_WARN_64_TO_32_BIT_CONVERSION = YES;
				GCC_WARN_ABOUT_RETURN_TYPE = YES_ERROR;
				GCC_WARN_UNDECLARED_SELECTOR = YES;
				GCC_WARN_UNINITIALIZED_AUTOS = YES_AGGRESSIVE;
				GCC_WARN_UNUSED_FUNCTION = YES;
				GCC_WARN_UNUSED_VARIABLE = YES;
				IPHONEOS_DEPLOYMENT_TARGET = 11.2;
				MTL_ENABLE_DEBUG_INFO = NO;
				SDKROOT = iphoneos;
				SWIFT_OPTIMIZATION_LEVEL = "-Owholemodule";
				VALIDATE_PRODUCT = YES;
			};
			name = Release;
		};
		8E61EF9E203F50BF008209DF /* Debug */ = {
			isa = XCBuildConfiguration;
			baseConfigurationReference = 3DD34E6CDDBC54BC6F66489B /* Pods-FitKit.debug.xcconfig */;
			buildSettings = {
				ASSETCATALOG_COMPILER_APPICON_NAME = AppIcon;
				CODE_SIGN_STYLE = Automatic;
				DEVELOPMENT_TEAM = 2J85MR725D;
				INFOPLIST_FILE = FitKit/Info.plist;
				LD_RUNPATH_SEARCH_PATHS = "$(inherited) @executable_path/Frameworks";
				PRODUCT_BUNDLE_IDENTIFIER = com.kormanchen.FitKit;
				PRODUCT_NAME = "$(TARGET_NAME)";
				SWIFT_VERSION = 4.0;
				TARGETED_DEVICE_FAMILY = "1,2";
			};
			name = Debug;
		};
		8E61EF9F203F50BF008209DF /* Release */ = {
			isa = XCBuildConfiguration;
			baseConfigurationReference = D195EB0CD9E8ED4AEEF6A4EC /* Pods-FitKit.release.xcconfig */;
			buildSettings = {
				ASSETCATALOG_COMPILER_APPICON_NAME = AppIcon;
				CODE_SIGN_STYLE = Automatic;
				DEVELOPMENT_TEAM = 2J85MR725D;
				INFOPLIST_FILE = FitKit/Info.plist;
				LD_RUNPATH_SEARCH_PATHS = "$(inherited) @executable_path/Frameworks";
				PRODUCT_BUNDLE_IDENTIFIER = com.kormanchen.FitKit;
				PRODUCT_NAME = "$(TARGET_NAME)";
				SWIFT_VERSION = 4.0;
				TARGETED_DEVICE_FAMILY = "1,2";
			};
			name = Release;
		};
/* End XCBuildConfiguration section */

/* Begin XCConfigurationList section */
		8E61EF86203F50BF008209DF /* Build configuration list for PBXProject "FitKit" */ = {
			isa = XCConfigurationList;
			buildConfigurations = (
				8E61EF9B203F50BF008209DF /* Debug */,
				8E61EF9C203F50BF008209DF /* Release */,
			);
			defaultConfigurationIsVisible = 0;
			defaultConfigurationName = Release;
		};
		8E61EF9D203F50BF008209DF /* Build configuration list for PBXNativeTarget "FitKit" */ = {
			isa = XCConfigurationList;
			buildConfigurations = (
				8E61EF9E203F50BF008209DF /* Debug */,
				8E61EF9F203F50BF008209DF /* Release */,
			);
			defaultConfigurationIsVisible = 0;
			defaultConfigurationName = Release;
		};
/* End XCConfigurationList section */
	};
	rootObject = 8E61EF83203F50BF008209DF /* Project object */;
}
